
Microsoft Visual Studio Solution File, Format Version 12.00
# Visual Studio 2015
Project("{FAE04EC0-301F-11D3-BF4B-00C04F79EFBC}") = "HelloHolograms.CSharp", "HelloHolograms.CSharp.csproj", "{7E500BAE-3057-DF75-F598-7B843496A2E5}"
EndProject
Project("{FAE04EC0-301F-11D3-BF4B-00C04F79EFBC}") = "HelloHolograms.CSharp.Editor", "HelloHolograms.CSharp.Editor.csproj", "{286D9625-2643-D0A3-659D-3B9666E100DB}"
EndProject
Global
	GlobalSection(SolutionConfigurationPlatforms) = preSolution
		Debug|Any CPU = Debug|Any CPU
		Release|Any CPU = Release|Any CPU
	EndGlobalSection
	GlobalSection(ProjectConfigurationPlatforms) = postSolution
		{7E500BAE-3057-DF75-F598-7B843496A2E5}.Debug|Any CPU.ActiveCfg = Debug|Any CPU
		{7E500BAE-3057-DF75-F598-7B843496A2E5}.Debug|Any CPU.Build.0 = Debug|Any CPU
		{7E500BAE-3057-DF75-F598-7B843496A2E5}.Release|Any CPU.ActiveCfg = Release|Any CPU
		{7E500BAE-3057-DF75-F598-7B843496A2E5}.Release|Any CPU.Build.0 = Release|Any CPU
		{286D9625-2643-D0A3-659D-3B9666E100DB}.Debug|Any CPU.ActiveCfg = Debug|Any CPU
		{286D9625-2643-D0A3-659D-3B9666E100DB}.Debug|Any CPU.Build.0 = Debug|Any CPU
		{286D9625-2643-D0A3-659D-3B9666E100DB}.Release|Any CPU.ActiveCfg = Release|Any CPU
		{286D9625-2643-D0A3-659D-3B9666E100DB}.Release|Any CPU.Build.0 = Release|Any CPU
	EndGlobalSection
	GlobalSection(SolutionProperties) = preSolution
		HideSolutionNode = FALSE
	EndGlobalSection
EndGlobal
