
Microsoft Visual Studio Solution File, Format Version 12.00
# Visual Studio 2015
Project("{FAE04EC0-301F-11D3-BF4B-00C04F79EFBC}") = "HelloHolograms", "HelloHolograms.csproj", "{C497747D-FF5D-71A2-61E7-B5877AF3561A}"
EndProject
Project("{FAE04EC0-301F-11D3-BF4B-00C04F79EFBC}") = "HelloHolograms.Editor", "HelloHolograms.Editor.csproj", "{B3FF2910-F3C8-F607-BAE8-D8B3742F82FA}"
EndProject
Global
	GlobalSection(SolutionConfigurationPlatforms) = preSolution
		Debug|Any CPU = Debug|Any CPU
		Release|Any CPU = Release|Any CPU
	EndGlobalSection
	GlobalSection(ProjectConfigurationPlatforms) = postSolution
		{C497747D-FF5D-71A2-61E7-B5877AF3561A}.Debug|Any CPU.ActiveCfg = Debug|Any CPU
		{C497747D-FF5D-71A2-61E7-B5877AF3561A}.Debug|Any CPU.Build.0 = Debug|Any CPU
		{C497747D-FF5D-71A2-61E7-B5877AF3561A}.Release|Any CPU.ActiveCfg = Release|Any CPU
		{C497747D-FF5D-71A2-61E7-B5877AF3561A}.Release|Any CPU.Build.0 = Release|Any CPU
		{B3FF2910-F3C8-F607-BAE8-D8B3742F82FA}.Debug|Any CPU.ActiveCfg = Debug|Any CPU
		{B3FF2910-F3C8-F607-BAE8-D8B3742F82FA}.Debug|Any CPU.Build.0 = Debug|Any CPU
		{B3FF2910-F3C8-F607-BAE8-D8B3742F82FA}.Release|Any CPU.ActiveCfg = Release|Any CPU
		{B3FF2910-F3C8-F607-BAE8-D8B3742F82FA}.Release|Any CPU.Build.0 = Release|Any CPU
	EndGlobalSection
	GlobalSection(SolutionProperties) = preSolution
		HideSolutionNode = FALSE
	EndGlobalSection
EndGlobal
